<?xml version="1.0" encoding="utf-8"?>
<Project ToolsVersion="4.0" xmlns="http://schemas.microsoft.com/developer/msbuild/2003">
  <ItemGroup>
    <Filter Include="Generated Files">
      <UniqueIdentifier>{71ED8ED8-ACB9-4CE9-BBE1-E00B30144E11}</UniqueIdentifier>
      <Extensions>moc;h;cpp</Extensions>
      <SourceControlFiles>False</SourceControlFiles>
    </Filter>
    <Filter Include="Generated Files\Debug">
      <UniqueIdentifier>{23766b41-297e-4d89-a09c-b929c09498bf}</UniqueIdentifier>
      <Extensions>cpp;moc</Extensions>
      <SourceControlFiles>False</SourceControlFiles>
    </Filter>
    <Filter Include="Generated Files\Release">
      <UniqueIdentifier>{72e899f9-4627-42b7-a958-6793103393eb}</UniqueIdentifier>
      <Extensions>cpp;moc</Extensions>
      <SourceControlFiles>False</SourceControlFiles>
    </Filter>
    <Filter Include="资源文件">
      <UniqueIdentifier>{D9D6E242-F8AF-46E4-B9FD-80ECBC20BA3E}</UniqueIdentifier>
      <Extensions>qrc;*</Extensions>
      <ParseFiles>false</ParseFiles>
    </Filter>
    <Filter Include="源文件">
      <UniqueIdentifier>{4FC737F1-C7A5-4376-A066-2A32D752A2FF}</UniqueIdentifier>
      <Extensions>cpp;cxx;c;def</Extensions>
    </Filter>
    <Filter Include="源文件\【 主窗体 MainModule】">
      <UniqueIdentifier>{ba1ffb30-c256-4483-820f-1e83af3ceab3}</UniqueIdentifier>
    </Filter>
    <Filter Include="源文件\【 插件模块 PluginModule】">
      <UniqueIdentifier>{c453fb24-231f-46ea-a122-3211dd19dfcb}</UniqueIdentifier>
    </Filter>
    <Filter Include="源文件\【 工具箱 Utils】">
      <UniqueIdentifier>{cf0a6586-c793-4787-9a25-8e8c802db4e0}</UniqueIdentifier>
    </Filter>
    <Filter Include="源文件\【 工具箱 Utils】\管理器工具（manager）">
      <UniqueIdentifier>{5bd2b77a-6c4d-4dbf-806d-f1044ee43398}</UniqueIdentifier>
    </Filter>
    <Filter Include="源文件\【 工具箱 Utils】\通用工具（common）">
      <UniqueIdentifier>{9b577ece-6102-413d-87fd-6844d8e809c1}</UniqueIdentifier>
    </Filter>
    <Filter Include="源文件\【 工具箱 Utils】\管理器工具（manager）\句柄调取管理器">
      <UniqueIdentifier>{a6bb9e66-d7ff-4d80-a78d-87cdde85ebbe}</UniqueIdentifier>
    </Filter>
    <Filter Include="源文件\【 工具箱 Utils】\管理器工具（manager）\文本读取器">
      <UniqueIdentifier>{f7b5c3ba-c08d-47e9-a1dc-6f6a2ca7b22c}</UniqueIdentifier>
    </Filter>
    <Filter Include="源文件\【 插件模块 PluginModule】\最大值编辑器（无）">
      <UniqueIdentifier>{988fb124-e00a-4c8d-ab46-baca5eb576b4}</UniqueIdentifier>
    </Filter>
    <Filter Include="源文件\【 信息模块 InformationModule】">
      <UniqueIdentifier>{48847f0e-79bd-4e85-a841-53f61785aa10}</UniqueIdentifier>
    </Filter>
    <Filter Include="源文件\【 主窗体 MainModule】\关于">
      <UniqueIdentifier>{e0cdf29b-993b-414e-a6ec-05b4360fa4e0}</UniqueIdentifier>
    </Filter>
    <Filter Include="源文件\【 主窗体 MainModule】\首页提示">
      <UniqueIdentifier>{27ecfa15-522c-4ced-850d-9fec0833bb20}</UniqueIdentifier>
    </Filter>
    <Filter Include="源文件\【 项目管理模块 ProjectModule】">
      <UniqueIdentifier>{a84fd180-43aa-49da-b4e5-ce9fe40b6fb1}</UniqueIdentifier>
    </Filter>
    <Filter Include="源文件\【 项目管理模块 ProjectModule】\存储文件-全局">
      <UniqueIdentifier>{254748ec-d387-4f36-bd3b-c571b61ec422}</UniqueIdentifier>
    </Filter>
    <Filter Include="源文件\【 信息模块 InformationModule】\指令搜索器块">
      <UniqueIdentifier>{688276f9-2829-407c-ac6a-0bad093d7213}</UniqueIdentifier>
    </Filter>
    <Filter Include="源文件\【 信息模块 InformationModule】\插件详细信息块">
      <UniqueIdentifier>{2aab864a-9a2c-461c-bf93-840c5ea07c33}</UniqueIdentifier>
    </Filter>
    <Filter Include="源文件\【 信息模块 InformationModule】\插件列表块">
      <UniqueIdentifier>{04127d9d-bbe7-4934-9c81-2c19eb23824b}</UniqueIdentifier>
    </Filter>
    <Filter Include="源文件\【 工具箱 Utils】\集合组件-表单（widgetForm）">
      <UniqueIdentifier>{d7523bb9-603d-496e-8e80-5acfff532cde}</UniqueIdentifier>
    </Filter>
    <Filter Include="源文件\【 工具箱 Utils】\集合组件-表单（widgetForm）\可折叠选项卡">
      <UniqueIdentifier>{0e6ce0f5-7ddb-427a-97b9-20667b2318ee}</UniqueIdentifier>
    </Filter>
    <Filter Include="源文件\【 工具箱 Utils】\集合组件-表单（widgetForm）\可折叠选项卡\私有类">
      <UniqueIdentifier>{da67bfbf-1023-4add-ae1a-4424e2988c1e}</UniqueIdentifier>
    </Filter>
    <Filter Include="源文件\【 交互模块 RmmvInteractiveModule】">
      <UniqueIdentifier>{99c0e92d-fd1e-480f-9715-8573306045e3}</UniqueIdentifier>
    </Filter>
    <Filter Include="源文件\【 项目管理模块 ProjectModule】\存储文件">
      <UniqueIdentifier>{e3171ef0-3ce5-46e5-8452-17075a7bbd6b}</UniqueIdentifier>
    </Filter>
    <Filter Include="源文件\【 交互模块 RmmvInteractiveModule】\专用交互">
      <UniqueIdentifier>{630af739-43d5-48a0-96e7-3077f96ca8de}</UniqueIdentifier>
    </Filter>
    <Filter Include="源文件\【 信息模块 InformationModule】\插件列表块\属性按钮组">
      <UniqueIdentifier>{1bfea040-92eb-4591-b40a-af55ddcb767e}</UniqueIdentifier>
    </Filter>
    <Filter Include="源文件\【 工具箱 Utils】\集合组件-表单（widgetForm）\分页控件组">
      <UniqueIdentifier>{35db1b85-6f2b-4cb8-b394-8e5bb1f1f4b1}</UniqueIdentifier>
    </Filter>
    <Filter Include="源文件\【 工具箱 Utils】\集合组件-表单（widgetForm）\加载中">
      <UniqueIdentifier>{bc3e7b54-831c-4e48-9765-69d242b0d3fa}</UniqueIdentifier>
    </Filter>
    <Filter Include="源文件\【 信息模块 InformationModule】\链接文件引导器">
      <UniqueIdentifier>{085cd975-e5d2-4b08-bbe3-82e5ceba60a0}</UniqueIdentifier>
    </Filter>
    <Filter Include="源文件\【 信息模块 InformationModule】\插件详细信息块\插件扩展（控件）">
      <UniqueIdentifier>{1e9156a2-8d56-46ec-837f-29e54d8acebc}</UniqueIdentifier>
    </Filter>
    <Filter Include="源文件\【 信息模块 InformationModule】\插件详细信息块\插件文档（控件）">
      <UniqueIdentifier>{6e46b035-d50e-4ada-bf28-e67fd4f78ef2}</UniqueIdentifier>
    </Filter>
    <Filter Include="源文件\【 信息模块 InformationModule】\插件详细信息块\插件性能（控件）">
      <UniqueIdentifier>{e2bc6c7a-c740-48d8-a945-51ec354b4b41}</UniqueIdentifier>
    </Filter>
    <Filter Include="源文件\【 信息模块 InformationModule】\插件详细信息块\分段说明（控件）">
      <UniqueIdentifier>{6e272489-de8d-4f02-a9bd-3257478035b6}</UniqueIdentifier>
    </Filter>
    <Filter Include="源文件\【 信息模块 InformationModule】\插件详细信息块\资源路径（控件）">
      <UniqueIdentifier>{33f6361d-5246-4067-a415-73fce42130aa}</UniqueIdentifier>
    </Filter>
    <Filter Include="源文件\【 信息模块 InformationModule】\插件详细信息块\作用域（控件）">
      <UniqueIdentifier>{d22583ca-0155-4c90-983b-5751eb5a891e}</UniqueIdentifier>
    </Filter>
    <Filter Include="源文件\【 工具箱 Utils】\集合组件-表单（widgetForm）\历史搜索记录">
      <UniqueIdentifier>{8082fc0b-7916-462e-8d29-9dc8f01d239a}</UniqueIdentifier>
    </Filter>
    <Filter Include="源文件\【 信息模块 InformationModule】\其它功能块">
      <UniqueIdentifier>{567cd6ce-963b-4858-9673-27253bbd562a}</UniqueIdentifier>
    </Filter>
    <Filter Include="源文件\【 信息模块 InformationModule】\插件详细信息块\指令（控件 - 详细信息）">
      <UniqueIdentifier>{e9734d54-b33a-43f6-9ab9-08b3b71a0d56}</UniqueIdentifier>
    </Filter>
    <Filter Include="源文件\【 信息模块 InformationModule】\指令搜索器块\指令（控件 - 搜索信息）">
      <UniqueIdentifier>{e0026552-92f7-42d0-a3a2-68dab1d936a6}</UniqueIdentifier>
    </Filter>
    <Filter Include="源文件\【 信息模块 InformationModule】\插件列表块\属性按钮组\属性 - 插件文档">
      <UniqueIdentifier>{c6682e46-fc47-4324-94e3-a29a3ff063d5}</UniqueIdentifier>
    </Filter>
    <Filter Include="源文件\【 信息模块 InformationModule】\插件列表块\属性按钮组\属性 - 资源路径">
      <UniqueIdentifier>{83af90bb-9243-4ec5-a7a0-342ec162b07e}</UniqueIdentifier>
    </Filter>
    <Filter Include="源文件\【 信息模块 InformationModule】\插件列表块\属性按钮组\属性 - 高消耗">
      <UniqueIdentifier>{cee41edd-a897-497d-b724-dc194a5d9c3b}</UniqueIdentifier>
    </Filter>
    <Filter Include="源文件\【 信息模块 InformationModule】\插件列表块\属性按钮组\属性 - 外键">
      <UniqueIdentifier>{3a43c557-3cd3-4d35-a24f-a1a2bcbaef47}</UniqueIdentifier>
    </Filter>
    <Filter Include="源文件\【 信息模块 InformationModule】\插件列表块\属性按钮组\属性 - 小工具支持">
      <UniqueIdentifier>{f04b6a28-e906-4c8d-a29d-55c3b054a4b8}</UniqueIdentifier>
    </Filter>
    <Filter Include="源文件\【 信息模块 InformationModule】\插件详细信息块\知识点（控件）">
      <UniqueIdentifier>{79c5186e-2008-4fa5-ab89-ee36f6e3554c}</UniqueIdentifier>
    </Filter>
    <Filter Include="源文件\【 信息模块 InformationModule】\其它功能块\设计灵感生成器">
      <UniqueIdentifier>{c90c7675-f336-40ab-83be-b6c6c09f8e46}</UniqueIdentifier>
    </Filter>
    <Filter Include="源文件\【 信息模块 InformationModule】\其它功能块\设计灵感生成器\私有类">
      <UniqueIdentifier>{3f8dcef3-6870-44e8-aeca-ca1c475de380}</UniqueIdentifier>
    </Filter>
    <Filter Include="源文件\【 工具箱 Utils】\辅助操作工具（operater）">
      <UniqueIdentifier>{f6724dca-cf37-459f-beba-476c0bb16418}</UniqueIdentifier>
    </Filter>
    <Filter Include="源文件\【 工具箱 Utils】\辅助操作工具（operater）\回收站操作器">
      <UniqueIdentifier>{d4b5c2d0-7667-49fa-ae63-2c08907346fd}</UniqueIdentifier>
    </Filter>
    <Filter Include="源文件\【 信息模块 InformationModule】\其它功能块\插件清理器">
      <UniqueIdentifier>{a6f88779-9477-4d48-88c6-263d4328b122}</UniqueIdentifier>
    </Filter>
    <Filter Include="源文件\【 信息模块 InformationModule】\其它功能块\插件更新器">
      <UniqueIdentifier>{6cc85751-6032-4840-8603-d8bfe827f0a4}</UniqueIdentifier>
    </Filter>
    <Filter Include="源文件\【 主窗体 MainModule】\版本日志">
      <UniqueIdentifier>{b6624ecc-e0c0-4c13-befb-68e9ee4fea79}</UniqueIdentifier>
    </Filter>
    <Filter Include="源文件\【 信息模块 InformationModule】\插件详细信息块\原文展开块">
      <UniqueIdentifier>{fc5527cd-d660-46fb-9621-d54998829216}</UniqueIdentifier>
    </Filter>
    <Filter Include="源文件\【 工具箱 Utils】\辅助操作工具（operater）\Excel操作器">
      <UniqueIdentifier>{f126e9fc-503f-4d85-9c42-8f28ff2b0a1d}</UniqueIdentifier>
    </Filter>
    <Filter Include="源文件\【 信息模块 InformationModule】\其它功能块\Excel表格生成器">
      <UniqueIdentifier>{b8ac7e40-7142-4bff-ae3c-71295114610a}</UniqueIdentifier>
    </Filter>
    <Filter Include="源文件\【 插件模块 PluginModule】\插件注解读取器  [plugins文件夹，只读]">
      <UniqueIdentifier>{323facdb-5bd8-4ed6-aac6-fcc714f5a494}</UniqueIdentifier>
    </Filter>
    <Filter Include="源文件\【 插件模块 PluginModule】\插件注解读取器  [plugins文件夹，只读]\帮助数据（%40help）">
      <UniqueIdentifier>{eebae6fa-536a-48e5-b503-4dd03d81b3a7}</UniqueIdentifier>
    </Filter>
    <Filter Include="源文件\【 插件模块 PluginModule】\插件注解读取器  [plugins文件夹，只读]\帮助数据（%40help）\插件扩展（数据）">
      <UniqueIdentifier>{1de890a9-e3e8-49e6-9506-db5272911a79}</UniqueIdentifier>
    </Filter>
    <Filter Include="源文件\【 插件模块 PluginModule】\插件注解读取器  [plugins文件夹，只读]\帮助数据（%40help）\插件文档（数据）">
      <UniqueIdentifier>{34213b7e-af3a-4d08-88ad-f33e64b2114d}</UniqueIdentifier>
    </Filter>
    <Filter Include="源文件\【 插件模块 PluginModule】\插件注解读取器  [plugins文件夹，只读]\帮助数据（%40help）\插件性能（数据）">
      <UniqueIdentifier>{3b1211da-6c74-4740-ae4d-98a2bbc92bdf}</UniqueIdentifier>
    </Filter>
    <Filter Include="源文件\【 插件模块 PluginModule】\插件注解读取器  [plugins文件夹，只读]\帮助数据（%40help）\分段说明（数据）">
      <UniqueIdentifier>{7a79bdea-60b8-48a9-8fc0-1633d7484bdc}</UniqueIdentifier>
    </Filter>
    <Filter Include="源文件\【 插件模块 PluginModule】\插件注解读取器  [plugins文件夹，只读]\帮助数据（%40help）\指令（数据）">
      <UniqueIdentifier>{432b5226-d7f7-4b65-9fc6-26c5a10bded4}</UniqueIdentifier>
    </Filter>
    <Filter Include="源文件\【 插件模块 PluginModule】\插件注解读取器  [plugins文件夹，只读]\帮助数据（%40help）\资源路径（数据）">
      <UniqueIdentifier>{9b2112b2-2207-4b78-b46f-781d01200cc5}</UniqueIdentifier>
    </Filter>
    <Filter Include="源文件\【 插件模块 PluginModule】\插件注解读取器  [plugins文件夹，只读]\帮助数据（%40help）\作用域（数据）">
      <UniqueIdentifier>{064c9f1e-fc8d-46bd-8db9-cd27d2242bc9}</UniqueIdentifier>
    </Filter>
    <Filter Include="源文件\【 插件模块 PluginModule】\插件注解读取器  [plugins文件夹，只读]\帮助数据（%40help）\知识点（数据）">
      <UniqueIdentifier>{72165cf3-4af8-42ca-b18d-462a80da7f5d}</UniqueIdentifier>
    </Filter>
    <Filter Include="源文件\【 插件模块 PluginModule】\插件注解读取器  [plugins文件夹，只读]\注解字典（%40param）">
      <UniqueIdentifier>{8e3ec55b-25cb-4708-8013-0a8291a36c3a}</UniqueIdentifier>
    </Filter>
    <Filter Include="源文件\【 插件模块 PluginModule】\插件存储数据容器  [plugins.js，读写]">
      <UniqueIdentifier>{2de722da-8c5c-4472-be72-0659ce9e2fc7}</UniqueIdentifier>
    </Filter>
    <Filter Include="源文件\【 交互模块 RmmvInteractiveModule】\基本交互">
      <UniqueIdentifier>{edfe13c6-a3d1-4a14-8224-b67142ec32b8}</UniqueIdentifier>
    </Filter>
    <Filter Include="源文件\【 插件模块 PluginModule】\插件常量">
      <UniqueIdentifier>{57267868-9802-44f8-b3a2-bb4269db916f}</UniqueIdentifier>
    </Filter>
  </ItemGroup>
  <ItemGroup>
    <ClCompile Include="main.cpp">
      <Filter>源文件</Filter>
    </ClCompile>
    <ClCompile Include="GeneratedFiles\qrc_drillplugininformationreader.cpp">
      <Filter>Generated Files</Filter>
    </ClCompile>
    <ClCompile Include="Source\MainModule\drillplugininformationreader.cpp">
      <Filter>源文件\【 主窗体 MainModule】</Filter>
    </ClCompile>
    <ClCompile Include="GeneratedFiles\Debug\moc_drillplugininformationreader.cpp">
      <Filter>Generated Files\Debug</Filter>
    </ClCompile>
    <ClCompile Include="GeneratedFiles\Release\moc_drillplugininformationreader.cpp">
      <Filter>Generated Files\Release</Filter>
    </ClCompile>
    <ClCompile Include="Source\MainModule\stdafx.cpp">
      <Filter>源文件\【 主窗体 MainModule】</Filter>
    </ClCompile>
    <ClCompile Include="Source\Utils\common\TTool.cpp">
      <Filter>源文件\【 工具箱 Utils】\通用工具（common）</Filter>
    </ClCompile>
    <ClCompile Include="Source\Utils\manager\txtRead\p_TxtFastReader.cpp">
      <Filter>源文件\【 工具箱 Utils】\管理器工具（manager）\文本读取器</Filter>
    </ClCompile>
    <ClCompile Include="Source\Utils\manager\txtRead\p_TxtFastReaderWithRecord.cpp">
      <Filter>源文件\【 工具箱 Utils】\管理器工具（manager）\文本读取器</Filter>
    </ClCompile>
    <ClCompile Include="Source\Utils\manager\txtRead\s_TxtReadingManager.cpp">
      <Filter>源文件\【 工具箱 Utils】\管理器工具（manager）\文本读取器</Filter>
    </ClCompile>
    <ClCompile Include="GeneratedFiles\Debug\moc_s_TxtReadingManager.cpp">
      <Filter>Generated Files\Debug</Filter>
    </ClCompile>
    <ClCompile Include="GeneratedFiles\Release\moc_s_TxtReadingManager.cpp">
      <Filter>Generated Files\Release</Filter>
    </ClCompile>
    <ClCompile Include="Source\Utils\manager\callManager\s_CallManager.cpp">
      <Filter>源文件\【 工具箱 Utils】\管理器工具（manager）\句柄调取管理器</Filter>
    </ClCompile>
    <ClCompile Include="GeneratedFiles\Debug\moc_s_CallManager.cpp">
      <Filter>Generated Files\Debug</Filter>
    </ClCompile>
    <ClCompile Include="GeneratedFiles\Release\moc_s_CallManager.cpp">
      <Filter>Generated Files\Release</Filter>
    </ClCompile>
    <ClCompile Include="GeneratedFiles\Debug\moc_s_ScriptAnnotationReader.cpp">
      <Filter>Generated Files\Debug</Filter>
    </ClCompile>
    <ClCompile Include="GeneratedFiles\Release\moc_s_ScriptAnnotationReader.cpp">
      <Filter>Generated Files\Release</Filter>
    </ClCompile>
    <ClCompile Include="Source\PluginModule\scriptReader\c_ScriptAnnotation.cpp">
      <Filter>源文件\【 插件模块 PluginModule】\插件注解读取器  [plugins文件夹，只读]</Filter>
    </ClCompile>
    <ClCompile Include="Source\PluginModule\scriptReader\s_ScriptAnnotationReader.cpp">
      <Filter>源文件\【 插件模块 PluginModule】\插件注解读取器  [plugins文件夹，只读]</Filter>
    </ClCompile>
    <ClCompile Include="Source\PluginModule\storageData\c_PluginData.cpp">
      <Filter>源文件\【 插件模块 PluginModule】\插件存储数据容器  [plugins.js，读写]</Filter>
    </ClCompile>
    <ClCompile Include="Source\PluginModule\storageData\s_PluginDataContainer.cpp">
      <Filter>源文件\【 插件模块 PluginModule】\插件存储数据容器  [plugins.js，读写]</Filter>
    </ClCompile>
    <ClCompile Include="GeneratedFiles\Debug\moc_s_PluginDataContainer.cpp">
      <Filter>Generated Files\Debug</Filter>
    </ClCompile>
    <ClCompile Include="GeneratedFiles\Release\moc_s_PluginDataContainer.cpp">
      <Filter>Generated Files\Release</Filter>
    </ClCompile>
    <ClCompile Include="Source\MainModule\about\w_SoftwareAbout.cpp">
      <Filter>源文件\【 主窗体 MainModule】\关于</Filter>
    </ClCompile>
    <ClCompile Include="GeneratedFiles\Debug\moc_w_SoftwareAbout.cpp">
      <Filter>Generated Files\Debug</Filter>
    </ClCompile>
    <ClCompile Include="GeneratedFiles\Release\moc_w_SoftwareAbout.cpp">
      <Filter>Generated Files\Release</Filter>
    </ClCompile>
    <ClCompile Include="Source\MainModule\firstTip\w_SoftwareFirstTip.cpp">
      <Filter>源文件\【 主窗体 MainModule】\首页提示</Filter>
    </ClCompile>
    <ClCompile Include="GeneratedFiles\Debug\moc_w_SoftwareFirstTip.cpp">
      <Filter>Generated Files\Debug</Filter>
    </ClCompile>
    <ClCompile Include="GeneratedFiles\Release\moc_w_SoftwareFirstTip.cpp">
      <Filter>Generated Files\Release</Filter>
    </ClCompile>
    <ClCompile Include="Source\ProjectModule\storageGlobal\s_IniManager.cpp">
      <Filter>源文件\【 项目管理模块 ProjectModule】\存储文件-全局</Filter>
    </ClCompile>
    <ClCompile Include="GeneratedFiles\Debug\moc_s_IniManager.cpp">
      <Filter>Generated Files\Debug</Filter>
    </ClCompile>
    <ClCompile Include="GeneratedFiles\Release\moc_s_IniManager.cpp">
      <Filter>Generated Files\Release</Filter>
    </ClCompile>
    <ClCompile Include="Source\InformationModule\p_InformationPart.cpp">
      <Filter>源文件\【 信息模块 InformationModule】</Filter>
    </ClCompile>
    <ClCompile Include="GeneratedFiles\Debug\moc_p_InformationPart.cpp">
      <Filter>Generated Files\Debug</Filter>
    </ClCompile>
    <ClCompile Include="GeneratedFiles\Release\moc_p_InformationPart.cpp">
      <Filter>Generated Files\Release</Filter>
    </ClCompile>
    <ClCompile Include="GeneratedFiles\Debug\moc_p_PluginListPart.cpp">
      <Filter>Generated Files\Debug</Filter>
    </ClCompile>
    <ClCompile Include="GeneratedFiles\Release\moc_p_PluginListPart.cpp">
      <Filter>Generated Files\Release</Filter>
    </ClCompile>
    <ClCompile Include="Source\InformationModule\pluginListPart\p_PluginListPart.cpp">
      <Filter>源文件\【 信息模块 InformationModule】\插件列表块</Filter>
    </ClCompile>
    <ClCompile Include="Source\InformationModule\pluginDetailPart\p_PluginDetailPart.cpp">
      <Filter>源文件\【 信息模块 InformationModule】\插件详细信息块</Filter>
    </ClCompile>
    <ClCompile Include="GeneratedFiles\Debug\moc_p_PluginDetailPart.cpp">
      <Filter>Generated Files\Debug</Filter>
    </ClCompile>
    <ClCompile Include="GeneratedFiles\Release\moc_p_PluginDetailPart.cpp">
      <Filter>Generated Files\Release</Filter>
    </ClCompile>
    <ClCompile Include="Source\InformationModule\commandSearcherPart\p_CommandSearcherPart.cpp">
      <Filter>源文件\【 信息模块 InformationModule】\指令搜索器块</Filter>
    </ClCompile>
    <ClCompile Include="GeneratedFiles\Debug\moc_p_CommandSearcherPart.cpp">
      <Filter>Generated Files\Debug</Filter>
    </ClCompile>
    <ClCompile Include="GeneratedFiles\Release\moc_p_CommandSearcherPart.cpp">
      <Filter>Generated Files\Release</Filter>
    </ClCompile>
    <ClCompile Include="Source\Utils\widgetForm\foldableTabWindow\p_FoldableTabRelater.cpp">
      <Filter>源文件\【 工具箱 Utils】\集合组件-表单（widgetForm）\可折叠选项卡</Filter>
    </ClCompile>
    <ClCompile Include="GeneratedFiles\Debug\moc_p_FoldableTabRelater.cpp">
      <Filter>Generated Files\Debug</Filter>
    </ClCompile>
    <ClCompile Include="GeneratedFiles\Release\moc_p_FoldableTabRelater.cpp">
      <Filter>Generated Files\Release</Filter>
    </ClCompile>
    <ClCompile Include="Source\Utils\widgetForm\foldableTabWindow\private\c_FoldableTabPrivate.cpp">
      <Filter>源文件\【 工具箱 Utils】\集合组件-表单（widgetForm）\可折叠选项卡\私有类</Filter>
    </ClCompile>
    <ClCompile Include="Source\Utils\widgetForm\foldableTabWindow\private\w_FoldableTabChildWindow.cpp">
      <Filter>源文件\【 工具箱 Utils】\集合组件-表单（widgetForm）\可折叠选项卡\私有类</Filter>
    </ClCompile>
    <ClCompile Include="GeneratedFiles\Debug\moc_w_FoldableTabChildWindow.cpp">
      <Filter>Generated Files\Debug</Filter>
    </ClCompile>
    <ClCompile Include="GeneratedFiles\Release\moc_w_FoldableTabChildWindow.cpp">
      <Filter>Generated Files\Release</Filter>
    </ClCompile>
    <ClCompile Include="Source\RmmvInteractiveModule\base\c_RmmvProjectData.cpp">
      <Filter>源文件\【 交互模块 RmmvInteractiveModule】\基本交互</Filter>
    </ClCompile>
    <ClCompile Include="Source\RmmvInteractiveModule\base\s_RmmvDataContainer.cpp">
      <Filter>源文件\【 交互模块 RmmvInteractiveModule】\基本交互</Filter>
    </ClCompile>
    <ClCompile Include="GeneratedFiles\Debug\moc_s_RmmvDataContainer.cpp">
      <Filter>Generated Files\Debug</Filter>
    </ClCompile>
    <ClCompile Include="GeneratedFiles\Release\moc_s_RmmvDataContainer.cpp">
      <Filter>Generated Files\Release</Filter>
    </ClCompile>
    <ClCompile Include="Source\ProjectModule\storage\s_StorageManagerTemplate.cpp">
      <Filter>源文件\【 项目管理模块 ProjectModule】\存储文件</Filter>
    </ClCompile>
    <ClCompile Include="Source\ProjectModule\storage\s_StorageManager.cpp">
      <Filter>源文件\【 项目管理模块 ProjectModule】\存储文件</Filter>
    </ClCompile>
    <ClCompile Include="GeneratedFiles\Debug\moc_s_StorageManager.cpp">
      <Filter>Generated Files\Debug</Filter>
    </ClCompile>
    <ClCompile Include="GeneratedFiles\Release\moc_s_StorageManager.cpp">
      <Filter>Generated Files\Release</Filter>
    </ClCompile>
    <ClCompile Include="Source\PluginModule\scriptReader\scriptDictionary\c_ScriptDictionary.cpp">
      <Filter>源文件\【 插件模块 PluginModule】\插件注解读取器  [plugins文件夹，只读]\注解字典（%40param）</Filter>
    </ClCompile>
    <ClCompile Include="Source\PluginModule\scriptReader\scriptDictionary\c_ScriptDictionary_Param.cpp">
      <Filter>源文件\【 插件模块 PluginModule】\插件注解读取器  [plugins文件夹，只读]\注解字典（%40param）</Filter>
    </ClCompile>
    <ClCompile Include="Source\PluginModule\scriptReader\helpDetail\c_ScriptHelpDetail.cpp">
      <Filter>源文件\【 插件模块 PluginModule】\插件注解读取器  [plugins文件夹，只读]\帮助数据（%40help）</Filter>
    </ClCompile>
    <ClCompile Include="Source\RmmvInteractiveModule\custom\s_InformationDataContainer.cpp">
      <Filter>源文件\【 交互模块 RmmvInteractiveModule】\专用交互</Filter>
    </ClCompile>
    <ClCompile Include="GeneratedFiles\Debug\moc_s_InformationDataContainer.cpp">
      <Filter>Generated Files\Debug</Filter>
    </ClCompile>
    <ClCompile Include="GeneratedFiles\Release\moc_s_InformationDataContainer.cpp">
      <Filter>Generated Files\Release</Filter>
    </ClCompile>
    <ClCompile Include="Source\InformationModule\pluginListPart\buttonPart\p_PluginAttr_ButtonPart.cpp">
      <Filter>源文件\【 信息模块 InformationModule】\插件列表块\属性按钮组</Filter>
    </ClCompile>
    <ClCompile Include="GeneratedFiles\Debug\moc_p_PluginAttr_ButtonPart.cpp">
      <Filter>Generated Files\Debug</Filter>
    </ClCompile>
    <ClCompile Include="GeneratedFiles\Release\moc_p_PluginAttr_ButtonPart.cpp">
      <Filter>Generated Files\Release</Filter>
    </ClCompile>
    <ClCompile Include="Source\Utils\widgetForm\pageNavigator\p_PageNavigator.cpp">
      <Filter>源文件\【 工具箱 Utils】\集合组件-表单（widgetForm）\分页控件组</Filter>
    </ClCompile>
    <ClCompile Include="GeneratedFiles\Debug\moc_p_PageNavigator.cpp">
      <Filter>Generated Files\Debug</Filter>
    </ClCompile>
    <ClCompile Include="GeneratedFiles\Release\moc_p_PageNavigator.cpp">
      <Filter>Generated Files\Release</Filter>
    </ClCompile>
    <ClCompile Include="Source\PluginModule\scriptReader\helpDetail\c_ScriptHelp_EffectScope.cpp">
      <Filter>源文件\【 插件模块 PluginModule】\插件注解读取器  [plugins文件夹，只读]\帮助数据（%40help）\作用域（数据）</Filter>
    </ClCompile>
    <ClCompile Include="Source\PluginModule\scriptReader\helpDetail\c_ScriptHelp_PluginRelation.cpp">
      <Filter>源文件\【 插件模块 PluginModule】\插件注解读取器  [plugins文件夹，只读]\帮助数据（%40help）\插件扩展（数据）</Filter>
    </ClCompile>
    <ClCompile Include="Source\PluginModule\scriptReader\helpDetail\c_ScriptHelp_Command.cpp">
      <Filter>源文件\【 插件模块 PluginModule】\插件注解读取器  [plugins文件夹，只读]\帮助数据（%40help）\指令（数据）</Filter>
    </ClCompile>
    <ClCompile Include="Source\PluginModule\scriptReader\helpDetail\c_ScriptHelp_Docs.cpp">
      <Filter>源文件\【 插件模块 PluginModule】\插件注解读取器  [plugins文件夹，只读]\帮助数据（%40help）\插件文档（数据）</Filter>
    </ClCompile>
    <ClCompile Include="Source\PluginModule\scriptReader\helpDetail\c_ScriptHelp_Performance.cpp">
      <Filter>源文件\【 插件模块 PluginModule】\插件注解读取器  [plugins文件夹，只读]\帮助数据（%40help）\插件性能（数据）</Filter>
    </ClCompile>
    <ClCompile Include="Source\PluginModule\scriptReader\helpDetail\c_ScriptHelp_Subsection.cpp">
      <Filter>源文件\【 插件模块 PluginModule】\插件注解读取器  [plugins文件夹，只读]\帮助数据（%40help）\分段说明（数据）</Filter>
    </ClCompile>
    <ClCompile Include="Source\Utils\widgetForm\loadingTip\w_LoadingTip.cpp">
      <Filter>源文件\【 工具箱 Utils】\集合组件-表单（widgetForm）\加载中</Filter>
    </ClCompile>
    <ClCompile Include="GeneratedFiles\Debug\moc_w_LoadingTip.cpp">
      <Filter>Generated Files\Debug</Filter>
    </ClCompile>
    <ClCompile Include="GeneratedFiles\Release\moc_w_LoadingTip.cpp">
      <Filter>Generated Files\Release</Filter>
    </ClCompile>
    <ClCompile Include="Source\PluginModule\scriptReader\helpDetail\c_ScriptHelp_Src.cpp">
      <Filter>源文件\【 插件模块 PluginModule】\插件注解读取器  [plugins文件夹，只读]\帮助数据（%40help）\资源路径（数据）</Filter>
    </ClCompile>
    <ClCompile Include="GeneratedFiles\Debug\moc_p_ScriptHelp_Command.cpp">
      <Filter>Generated Files\Debug</Filter>
    </ClCompile>
    <ClCompile Include="GeneratedFiles\Release\moc_p_ScriptHelp_Command.cpp">
      <Filter>Generated Files\Release</Filter>
    </ClCompile>
    <ClCompile Include="GeneratedFiles\Debug\moc_p_ScriptHelp_Docs.cpp">
      <Filter>Generated Files\Debug</Filter>
    </ClCompile>
    <ClCompile Include="GeneratedFiles\Release\moc_p_ScriptHelp_Docs.cpp">
      <Filter>Generated Files\Release</Filter>
    </ClCompile>
    <ClCompile Include="GeneratedFiles\Debug\moc_p_ScriptHelp_EffectScope.cpp">
      <Filter>Generated Files\Debug</Filter>
    </ClCompile>
    <ClCompile Include="GeneratedFiles\Release\moc_p_ScriptHelp_EffectScope.cpp">
      <Filter>Generated Files\Release</Filter>
    </ClCompile>
    <ClCompile Include="GeneratedFiles\Debug\moc_p_ScriptHelp_Performance.cpp">
      <Filter>Generated Files\Debug</Filter>
    </ClCompile>
    <ClCompile Include="GeneratedFiles\Release\moc_p_ScriptHelp_Performance.cpp">
      <Filter>Generated Files\Release</Filter>
    </ClCompile>
    <ClCompile Include="GeneratedFiles\Debug\moc_p_ScriptHelp_PluginRelation.cpp">
      <Filter>Generated Files\Debug</Filter>
    </ClCompile>
    <ClCompile Include="GeneratedFiles\Release\moc_p_ScriptHelp_PluginRelation.cpp">
      <Filter>Generated Files\Release</Filter>
    </ClCompile>
    <ClCompile Include="GeneratedFiles\Debug\moc_p_ScriptHelp_Src.cpp">
      <Filter>Generated Files\Debug</Filter>
    </ClCompile>
    <ClCompile Include="GeneratedFiles\Release\moc_p_ScriptHelp_Src.cpp">
      <Filter>Generated Files\Release</Filter>
    </ClCompile>
    <ClCompile Include="GeneratedFiles\Debug\moc_p_ScriptHelp_Subsection.cpp">
      <Filter>Generated Files\Debug</Filter>
    </ClCompile>
    <ClCompile Include="GeneratedFiles\Release\moc_p_ScriptHelp_Subsection.cpp">
      <Filter>Generated Files\Release</Filter>
    </ClCompile>
    <ClCompile Include="Source\InformationModule\pluginDetailPart\helpDetailPart\p_ScriptHelp_Command.cpp">
      <Filter>源文件\【 信息模块 InformationModule】\插件详细信息块\指令（控件 - 详细信息）</Filter>
    </ClCompile>
    <ClCompile Include="Source\InformationModule\pluginDetailPart\helpDetailPart\p_ScriptHelp_Docs.cpp">
      <Filter>源文件\【 信息模块 InformationModule】\插件详细信息块\插件文档（控件）</Filter>
    </ClCompile>
    <ClCompile Include="Source\InformationModule\pluginDetailPart\helpDetailPart\p_ScriptHelp_EffectScope.cpp">
      <Filter>源文件\【 信息模块 InformationModule】\插件详细信息块\作用域（控件）</Filter>
    </ClCompile>
    <ClCompile Include="Source\InformationModule\pluginDetailPart\helpDetailPart\p_ScriptHelp_Performance.cpp">
      <Filter>源文件\【 信息模块 InformationModule】\插件详细信息块\插件性能（控件）</Filter>
    </ClCompile>
    <ClCompile Include="Source\InformationModule\pluginDetailPart\helpDetailPart\p_ScriptHelp_PluginRelation.cpp">
      <Filter>源文件\【 信息模块 InformationModule】\插件详细信息块\插件扩展（控件）</Filter>
    </ClCompile>
    <ClCompile Include="Source\InformationModule\pluginDetailPart\helpDetailPart\p_ScriptHelp_Src.cpp">
      <Filter>源文件\【 信息模块 InformationModule】\插件详细信息块\资源路径（控件）</Filter>
    </ClCompile>
    <ClCompile Include="Source\InformationModule\pluginDetailPart\helpDetailPart\p_ScriptHelp_Subsection.cpp">
      <Filter>源文件\【 信息模块 InformationModule】\插件详细信息块\分段说明（控件）</Filter>
    </ClCompile>
    <ClCompile Include="Source\InformationModule\linkDirector\s_LinkDirector.cpp">
      <Filter>源文件\【 信息模块 InformationModule】\链接文件引导器</Filter>
    </ClCompile>
    <ClCompile Include="GeneratedFiles\Debug\moc_s_LinkDirector.cpp">
      <Filter>Generated Files\Debug</Filter>
    </ClCompile>
    <ClCompile Include="GeneratedFiles\Release\moc_s_LinkDirector.cpp">
      <Filter>Generated Files\Release</Filter>
    </ClCompile>
    <ClCompile Include="Source\Utils\widgetForm\historicalSearchRecord\p_historicalSearchRecord.cpp">
      <Filter>源文件\【 工具箱 Utils】\集合组件-表单（widgetForm）\历史搜索记录</Filter>
    </ClCompile>
    <ClCompile Include="GeneratedFiles\Debug\moc_p_historicalSearchRecord.cpp">
      <Filter>Generated Files\Debug</Filter>
    </ClCompile>
    <ClCompile Include="GeneratedFiles\Release\moc_p_historicalSearchRecord.cpp">
      <Filter>Generated Files\Release</Filter>
    </ClCompile>
    <ClCompile Include="Source\InformationModule\otherFunctionPart\p_OtherFunctionPart.cpp">
      <Filter>源文件\【 信息模块 InformationModule】\其它功能块</Filter>
    </ClCompile>
    <ClCompile Include="GeneratedFiles\Debug\moc_p_OtherFunctionPart.cpp">
      <Filter>Generated Files\Debug</Filter>
    </ClCompile>
    <ClCompile Include="GeneratedFiles\Release\moc_p_OtherFunctionPart.cpp">
      <Filter>Generated Files\Release</Filter>
    </ClCompile>
    <ClCompile Include="Source\InformationModule\commandSearcherPart\helpDetailPart\p_ScriptHelp_CommandSearchCell.cpp">
      <Filter>源文件\【 信息模块 InformationModule】\指令搜索器块\指令（控件 - 搜索信息）</Filter>
    </ClCompile>
    <ClCompile Include="GeneratedFiles\Debug\moc_p_ScriptHelp_CommandSearchCell.cpp">
      <Filter>Generated Files\Debug</Filter>
    </ClCompile>
    <ClCompile Include="GeneratedFiles\Release\moc_p_ScriptHelp_CommandSearchCell.cpp">
      <Filter>Generated Files\Release</Filter>
    </ClCompile>
    <ClCompile Include="GeneratedFiles\Debug\moc_w_PluginAttr_Docs.cpp">
      <Filter>Generated Files\Debug</Filter>
    </ClCompile>
    <ClCompile Include="GeneratedFiles\Release\moc_w_PluginAttr_Docs.cpp">
      <Filter>Generated Files\Release</Filter>
    </ClCompile>
    <ClCompile Include="GeneratedFiles\Debug\moc_w_PluginAttr_Src.cpp">
      <Filter>Generated Files\Debug</Filter>
    </ClCompile>
    <ClCompile Include="GeneratedFiles\Release\moc_w_PluginAttr_Src.cpp">
      <Filter>Generated Files\Release</Filter>
    </ClCompile>
    <ClCompile Include="Source\InformationModule\pluginListPart\buttonPart\w_PluginAttr_Docs.cpp">
      <Filter>源文件\【 信息模块 InformationModule】\插件列表块\属性按钮组\属性 - 插件文档</Filter>
    </ClCompile>
    <ClCompile Include="Source\InformationModule\pluginListPart\buttonPart\w_PluginAttr_Src.cpp">
      <Filter>源文件\【 信息模块 InformationModule】\插件列表块\属性按钮组\属性 - 资源路径</Filter>
    </ClCompile>
    <ClCompile Include="GeneratedFiles\Debug\moc_w_PluginAttr_ForeignKey.cpp">
      <Filter>Generated Files\Debug</Filter>
    </ClCompile>
    <ClCompile Include="GeneratedFiles\Release\moc_w_PluginAttr_ForeignKey.cpp">
      <Filter>Generated Files\Release</Filter>
    </ClCompile>
    <ClCompile Include="GeneratedFiles\Debug\moc_w_PluginAttr_HasTool.cpp">
      <Filter>Generated Files\Debug</Filter>
    </ClCompile>
    <ClCompile Include="GeneratedFiles\Release\moc_w_PluginAttr_HasTool.cpp">
      <Filter>Generated Files\Release</Filter>
    </ClCompile>
    <ClCompile Include="GeneratedFiles\Debug\moc_w_PluginAttr_HighConsumption.cpp">
      <Filter>Generated Files\Debug</Filter>
    </ClCompile>
    <ClCompile Include="GeneratedFiles\Release\moc_w_PluginAttr_HighConsumption.cpp">
      <Filter>Generated Files\Release</Filter>
    </ClCompile>
    <ClCompile Include="Source\InformationModule\pluginListPart\buttonPart\w_PluginAttr_HasTool.cpp">
      <Filter>源文件\【 信息模块 InformationModule】\插件列表块\属性按钮组\属性 - 小工具支持</Filter>
    </ClCompile>
    <ClCompile Include="Source\InformationModule\pluginListPart\buttonPart\w_PluginAttr_ForeignKey.cpp">
      <Filter>源文件\【 信息模块 InformationModule】\插件列表块\属性按钮组\属性 - 外键</Filter>
    </ClCompile>
    <ClCompile Include="Source\InformationModule\pluginListPart\buttonPart\w_PluginAttr_HighConsumption.cpp">
      <Filter>源文件\【 信息模块 InformationModule】\插件列表块\属性按钮组\属性 - 高消耗</Filter>
    </ClCompile>
    <ClCompile Include="Source\PluginModule\scriptReader\helpDetail\c_ScriptHelp_Knowledge.cpp">
      <Filter>源文件\【 插件模块 PluginModule】\插件注解读取器  [plugins文件夹，只读]\帮助数据（%40help）\知识点（数据）</Filter>
    </ClCompile>
    <ClCompile Include="Source\InformationModule\pluginDetailPart\helpDetailPart\p_ScriptHelp_Knowledge.cpp">
      <Filter>源文件\【 信息模块 InformationModule】\插件详细信息块\知识点（控件）</Filter>
    </ClCompile>
    <ClCompile Include="GeneratedFiles\Debug\moc_p_ScriptHelp_Knowledge.cpp">
      <Filter>Generated Files\Debug</Filter>
    </ClCompile>
    <ClCompile Include="GeneratedFiles\Release\moc_p_ScriptHelp_Knowledge.cpp">
      <Filter>Generated Files\Release</Filter>
    </ClCompile>
    <ClCompile Include="Source\InformationModule\otherFunctionPart\designTipGenerator\c_DesignTipGenerator.cpp">
      <Filter>源文件\【 信息模块 InformationModule】\其它功能块\设计灵感生成器</Filter>
    </ClCompile>
    <ClCompile Include="Source\InformationModule\otherFunctionPart\designTipGenerator\p_DesignTipGeneratorPart.cpp">
      <Filter>源文件\【 信息模块 InformationModule】\其它功能块\设计灵感生成器</Filter>
    </ClCompile>
    <ClCompile Include="GeneratedFiles\Debug\moc_p_DesignTipGeneratorPart.cpp">
      <Filter>Generated Files\Debug</Filter>
    </ClCompile>
    <ClCompile Include="GeneratedFiles\Release\moc_p_DesignTipGeneratorPart.cpp">
      <Filter>Generated Files\Release</Filter>
    </ClCompile>
    <ClCompile Include="Source\InformationModule\otherFunctionPart\designTipGenerator\private\c_DesignTip_Cell.cpp">
      <Filter>源文件\【 信息模块 InformationModule】\其它功能块\设计灵感生成器\私有类</Filter>
    </ClCompile>
    <ClCompile Include="Source\InformationModule\otherFunctionPart\designTipGenerator\private\p_DesignTip_Cell.cpp">
      <Filter>源文件\【 信息模块 InformationModule】\其它功能块\设计灵感生成器\私有类</Filter>
    </ClCompile>
    <ClCompile Include="GeneratedFiles\Debug\moc_p_DesignTip_Cell.cpp">
      <Filter>Generated Files\Debug</Filter>
    </ClCompile>
    <ClCompile Include="GeneratedFiles\Release\moc_p_DesignTip_Cell.cpp">
      <Filter>Generated Files\Release</Filter>
    </ClCompile>
    <ClCompile Include="Source\InformationModule\otherFunctionPart\pluginBatchDelete\p_PluginBatchDeletePart.cpp">
      <Filter>源文件\【 信息模块 InformationModule】\其它功能块\插件清理器</Filter>
    </ClCompile>
    <ClCompile Include="GeneratedFiles\Debug\moc_p_PluginBatchDeletePart.cpp">
      <Filter>Generated Files\Debug</Filter>
    </ClCompile>
    <ClCompile Include="GeneratedFiles\Release\moc_p_PluginBatchDeletePart.cpp">
      <Filter>Generated Files\Release</Filter>
    </ClCompile>
    <ClCompile Include="Source\InformationModule\otherFunctionPart\pluginBatchDelete\w_PluginBatchDeletePart.cpp">
      <Filter>源文件\【 信息模块 InformationModule】\其它功能块\插件清理器</Filter>
    </ClCompile>
    <ClCompile Include="GeneratedFiles\Debug\moc_w_PluginBatchDeletePart.cpp">
      <Filter>Generated Files\Debug</Filter>
    </ClCompile>
    <ClCompile Include="GeneratedFiles\Release\moc_w_PluginBatchDeletePart.cpp">
      <Filter>Generated Files\Release</Filter>
    </ClCompile>
    <ClCompile Include="Source\Utils\operater\recycleBinOperater\p_RecycleBinOperater.cpp">
      <Filter>源文件\【 工具箱 Utils】\辅助操作工具（operater）\回收站操作器</Filter>
    </ClCompile>
    <ClCompile Include="Source\InformationModule\otherFunctionPart\pluginBatchUpdate\p_PluginBatchUpdatePart.cpp">
      <Filter>源文件\【 信息模块 InformationModule】\其它功能块\插件更新器</Filter>
    </ClCompile>
    <ClCompile Include="GeneratedFiles\Debug\moc_p_PluginBatchUpdatePart.cpp">
      <Filter>Generated Files\Debug</Filter>
    </ClCompile>
    <ClCompile Include="GeneratedFiles\Release\moc_p_PluginBatchUpdatePart.cpp">
      <Filter>Generated Files\Release</Filter>
    </ClCompile>
    <ClCompile Include="Source\InformationModule\otherFunctionPart\pluginBatchUpdate\w_PluginBatchUpdatePart.cpp">
      <Filter>源文件\【 信息模块 InformationModule】\其它功能块\插件更新器</Filter>
    </ClCompile>
    <ClCompile Include="GeneratedFiles\Debug\moc_w_PluginBatchUpdatePart.cpp">
      <Filter>Generated Files\Debug</Filter>
    </ClCompile>
    <ClCompile Include="GeneratedFiles\Release\moc_w_PluginBatchUpdatePart.cpp">
      <Filter>Generated Files\Release</Filter>
    </ClCompile>
    <ClCompile Include="Source\Utils\common\p_FileOperater.cpp">
      <Filter>源文件\【 工具箱 Utils】\通用工具（common）</Filter>
    </ClCompile>
    <ClCompile Include="GeneratedFiles\Debug\moc_p_FileOperater.cpp">
      <Filter>Generated Files\Debug</Filter>
    </ClCompile>
    <ClCompile Include="GeneratedFiles\Release\moc_p_FileOperater.cpp">
      <Filter>Generated Files\Release</Filter>
    </ClCompile>
    <ClCompile Include="Source\MainModule\versionLog\w_SoftwareVersionLog.cpp">
      <Filter>源文件\【 主窗体 MainModule】\版本日志</Filter>
    </ClCompile>
    <ClCompile Include="GeneratedFiles\Debug\moc_w_SoftwareVersionLog.cpp">
      <Filter>Generated Files\Debug</Filter>
    </ClCompile>
    <ClCompile Include="GeneratedFiles\Release\moc_w_SoftwareVersionLog.cpp">
      <Filter>Generated Files\Release</Filter>
    </ClCompile>
    <ClCompile Include="Source\InformationModule\pluginDetailPart\orgContextPart\p_PluginDetailOrgContextPart.cpp">
      <Filter>源文件\【 信息模块 InformationModule】\插件详细信息块\原文展开块</Filter>
    </ClCompile>
    <ClCompile Include="GeneratedFiles\Debug\moc_p_PluginDetailOrgContextPart.cpp">
      <Filter>Generated Files\Debug</Filter>
    </ClCompile>
    <ClCompile Include="GeneratedFiles\Release\moc_p_PluginDetailOrgContextPart.cpp">
      <Filter>Generated Files\Release</Filter>
    </ClCompile>
    <ClCompile Include="Source\Utils\operater\excelOperater\p_ExcelOperater.cpp">
      <Filter>源文件\【 工具箱 Utils】\辅助操作工具（operater）\Excel操作器</Filter>
    </ClCompile>
    <ClCompile Include="GeneratedFiles\Debug\moc_p_ExcelOperater.cpp">
      <Filter>Generated Files\Debug</Filter>
    </ClCompile>
    <ClCompile Include="GeneratedFiles\Release\moc_p_ExcelOperater.cpp">
      <Filter>Generated Files\Release</Filter>
    </ClCompile>
    <ClCompile Include="Source\InformationModule\otherFunctionPart\excelDataGenerator\p_ExcelDataGenerator.cpp">
      <Filter>源文件\【 信息模块 InformationModule】\其它功能块\Excel表格生成器</Filter>
    </ClCompile>
    <ClCompile Include="GeneratedFiles\Debug\moc_p_ExcelDataGenerator.cpp">
      <Filter>Generated Files\Debug</Filter>
    </ClCompile>
    <ClCompile Include="GeneratedFiles\Release\moc_p_ExcelDataGenerator.cpp">
      <Filter>Generated Files\Release</Filter>
    </ClCompile>
    <ClCompile Include="Source\PluginModule\const\s_PluginConstValue.cpp">
      <Filter>源文件\【 插件模块 PluginModule】\插件常量</Filter>
    </ClCompile>
  </ItemGroup>
  <ItemGroup>
    <CustomBuild Include="drillplugininformationreader.qrc">
      <Filter>资源文件</Filter>
    </CustomBuild>
    <CustomBuild Include="Source\MainModule\drillplugininformationreader.h">
      <Filter>源文件\【 主窗体 MainModule】</Filter>
    </CustomBuild>
    <CustomBuild Include="Source\MainModule\drillplugininformationreader.ui">
      <Filter>源文件\【 主窗体 MainModule】</Filter>
    </CustomBuild>
    <CustomBuild Include="Source\Utils\manager\txtRead\s_TxtReadingManager.h">
      <Filter>源文件\【 工具箱 Utils】\管理器工具（manager）\文本读取器</Filter>
    </CustomBuild>
    <CustomBuild Include="Source\Utils\manager\callManager\s_CallManager.h">
      <Filter>源文件\【 工具箱 Utils】\管理器工具（manager）\句柄调取管理器</Filter>
    </CustomBuild>
    <CustomBuild Include="Source\PluginModule\scriptReader\s_ScriptAnnotationReader.h">
      <Filter>源文件\【 插件模块 PluginModule】\插件注解读取器  [plugins文件夹，只读]</Filter>
    </CustomBuild>
    <CustomBuild Include="Source\PluginModule\storageData\s_PluginDataContainer.h">
      <Filter>源文件\【 插件模块 PluginModule】\插件存储数据容器  [plugins.js，读写]</Filter>
    </CustomBuild>
    <CustomBuild Include="Source\MainModule\about\w_SoftwareAbout.h">
      <Filter>源文件\【 主窗体 MainModule】\关于</Filter>
    </CustomBuild>
    <CustomBuild Include="Source\MainModule\about\w_SoftwareAbout.ui">
      <Filter>源文件\【 主窗体 MainModule】\关于</Filter>
    </CustomBuild>
    <CustomBuild Include="Source\MainModule\firstTip\w_SoftwareFirstTip.h">
      <Filter>源文件\【 主窗体 MainModule】\首页提示</Filter>
    </CustomBuild>
    <CustomBuild Include="Source\MainModule\firstTip\w_SoftwareFirstTip.ui">
      <Filter>源文件\【 主窗体 MainModule】\首页提示</Filter>
    </CustomBuild>
    <CustomBuild Include="Source\ProjectModule\storageGlobal\s_IniManager.h">
      <Filter>源文件\【 项目管理模块 ProjectModule】\存储文件-全局</Filter>
    </CustomBuild>
    <CustomBuild Include="Source\InformationModule\p_InformationPart.h">
      <Filter>源文件\【 信息模块 InformationModule】</Filter>
    </CustomBuild>
    <CustomBuild Include="Source\InformationModule\p_InformationPart.ui">
      <Filter>源文件\【 信息模块 InformationModule】</Filter>
    </CustomBuild>
    <CustomBuild Include="Source\InformationModule\pluginListPart\p_PluginListPart.h">
      <Filter>源文件\【 信息模块 InformationModule】\插件列表块</Filter>
    </CustomBuild>
    <CustomBuild Include="Source\InformationModule\pluginListPart\p_PluginListPart.ui">
      <Filter>源文件\【 信息模块 InformationModule】\插件列表块</Filter>
    </CustomBuild>
    <CustomBuild Include="Source\InformationModule\pluginDetailPart\p_PluginDetailPart.h">
      <Filter>源文件\【 信息模块 InformationModule】\插件详细信息块</Filter>
    </CustomBuild>
    <CustomBuild Include="Source\InformationModule\pluginDetailPart\p_PluginDetailPart.ui">
      <Filter>源文件\【 信息模块 InformationModule】\插件详细信息块</Filter>
    </CustomBuild>
    <CustomBuild Include="Source\InformationModule\commandSearcherPart\p_CommandSearcherPart.h">
      <Filter>源文件\【 信息模块 InformationModule】\指令搜索器块</Filter>
    </CustomBuild>
    <CustomBuild Include="Source\InformationModule\commandSearcherPart\p_CommandSearcherPart.ui">
      <Filter>源文件\【 信息模块 InformationModule】\指令搜索器块</Filter>
    </CustomBuild>
    <CustomBuild Include="Source\Utils\widgetForm\foldableTabWindow\p_FoldableTabRelater.h">
      <Filter>源文件\【 工具箱 Utils】\集合组件-表单（widgetForm）\可折叠选项卡</Filter>
    </CustomBuild>
    <CustomBuild Include="Source\Utils\widgetForm\foldableTabWindow\private\w_FoldableTabChildWindow.h">
      <Filter>源文件\【 工具箱 Utils】\集合组件-表单（widgetForm）\可折叠选项卡\私有类</Filter>
    </CustomBuild>
    <CustomBuild Include="Source\Utils\widgetForm\foldableTabWindow\private\w_FoldableTabChildWindow.ui">
      <Filter>源文件\【 工具箱 Utils】\集合组件-表单（widgetForm）\可折叠选项卡\私有类</Filter>
    </CustomBuild>
    <CustomBuild Include="Source\RmmvInteractiveModule\base\s_RmmvDataContainer.h">
      <Filter>源文件\【 交互模块 RmmvInteractiveModule】\基本交互</Filter>
    </CustomBuild>
    <CustomBuild Include="Source\ProjectModule\storage\s_StorageManager.h">
      <Filter>源文件\【 项目管理模块 ProjectModule】\存储文件</Filter>
    </CustomBuild>
    <CustomBuild Include="Source\RmmvInteractiveModule\custom\s_InformationDataContainer.h">
      <Filter>源文件\【 交互模块 RmmvInteractiveModule】\专用交互</Filter>
    </CustomBuild>
    <CustomBuild Include="Source\InformationModule\pluginListPart\buttonPart\p_PluginAttr_ButtonPart.h">
      <Filter>源文件\【 信息模块 InformationModule】\插件列表块\属性按钮组</Filter>
    </CustomBuild>
    <CustomBuild Include="Source\InformationModule\pluginListPart\buttonPart\p_PluginAttr_ButtonPart.ui">
      <Filter>源文件\【 信息模块 InformationModule】\插件列表块\属性按钮组</Filter>
    </CustomBuild>
    <CustomBuild Include="Source\Utils\widgetForm\pageNavigator\p_PageNavigator.h">
      <Filter>源文件\【 工具箱 Utils】\集合组件-表单（widgetForm）\分页控件组</Filter>
    </CustomBuild>
    <CustomBuild Include="Source\Utils\widgetForm\pageNavigator\p_PageNavigator.ui">
      <Filter>源文件\【 工具箱 Utils】\集合组件-表单（widgetForm）\分页控件组</Filter>
    </CustomBuild>
    <CustomBuild Include="Source\Utils\widgetForm\loadingTip\w_LoadingTip.h">
      <Filter>源文件\【 工具箱 Utils】\集合组件-表单（widgetForm）\加载中</Filter>
    </CustomBuild>
    <CustomBuild Include="Source\InformationModule\pluginDetailPart\helpDetailPart\p_ScriptHelp_Command.h">
      <Filter>源文件\【 信息模块 InformationModule】\插件详细信息块\指令（控件 - 详细信息）</Filter>
    </CustomBuild>
    <CustomBuild Include="Source\InformationModule\pluginDetailPart\helpDetailPart\p_ScriptHelp_Command.ui">
      <Filter>源文件\【 信息模块 InformationModule】\插件详细信息块\指令（控件 - 详细信息）</Filter>
    </CustomBuild>
    <CustomBuild Include="Source\InformationModule\pluginDetailPart\helpDetailPart\p_ScriptHelp_Docs.h">
      <Filter>源文件\【 信息模块 InformationModule】\插件详细信息块\插件文档（控件）</Filter>
    </CustomBuild>
    <CustomBuild Include="Source\InformationModule\pluginDetailPart\helpDetailPart\p_ScriptHelp_Docs.ui">
      <Filter>源文件\【 信息模块 InformationModule】\插件详细信息块\插件文档（控件）</Filter>
    </CustomBuild>
    <CustomBuild Include="Source\InformationModule\pluginDetailPart\helpDetailPart\p_ScriptHelp_EffectScope.ui">
      <Filter>源文件\【 信息模块 InformationModule】\插件详细信息块\作用域（控件）</Filter>
    </CustomBuild>
    <CustomBuild Include="Source\InformationModule\pluginDetailPart\helpDetailPart\p_ScriptHelp_EffectScope.h">
      <Filter>源文件\【 信息模块 InformationModule】\插件详细信息块\作用域（控件）</Filter>
    </CustomBuild>
    <CustomBuild Include="Source\InformationModule\pluginDetailPart\helpDetailPart\p_ScriptHelp_Performance.h">
      <Filter>源文件\【 信息模块 InformationModule】\插件详细信息块\插件性能（控件）</Filter>
    </CustomBuild>
    <CustomBuild Include="Source\InformationModule\pluginDetailPart\helpDetailPart\p_ScriptHelp_Performance.ui">
      <Filter>源文件\【 信息模块 InformationModule】\插件详细信息块\插件性能（控件）</Filter>
    </CustomBuild>
    <CustomBuild Include="Source\InformationModule\pluginDetailPart\helpDetailPart\p_ScriptHelp_PluginRelation.h">
      <Filter>源文件\【 信息模块 InformationModule】\插件详细信息块\插件扩展（控件）</Filter>
    </CustomBuild>
    <CustomBuild Include="Source\InformationModule\pluginDetailPart\helpDetailPart\p_ScriptHelp_PluginRelation.ui">
      <Filter>源文件\【 信息模块 InformationModule】\插件详细信息块\插件扩展（控件）</Filter>
    </CustomBuild>
    <CustomBuild Include="Source\InformationModule\pluginDetailPart\helpDetailPart\p_ScriptHelp_Src.h">
      <Filter>源文件\【 信息模块 InformationModule】\插件详细信息块\资源路径（控件）</Filter>
    </CustomBuild>
    <CustomBuild Include="Source\InformationModule\pluginDetailPart\helpDetailPart\p_ScriptHelp_Src.ui">
      <Filter>源文件\【 信息模块 InformationModule】\插件详细信息块\资源路径（控件）</Filter>
    </CustomBuild>
    <CustomBuild Include="Source\InformationModule\pluginDetailPart\helpDetailPart\p_ScriptHelp_Subsection.h">
      <Filter>源文件\【 信息模块 InformationModule】\插件详细信息块\分段说明（控件）</Filter>
    </CustomBuild>
    <CustomBuild Include="Source\InformationModule\pluginDetailPart\helpDetailPart\p_ScriptHelp_Subsection.ui">
      <Filter>源文件\【 信息模块 InformationModule】\插件详细信息块\分段说明（控件）</Filter>
    </CustomBuild>
    <CustomBuild Include="Source\InformationModule\linkDirector\s_LinkDirector.h">
      <Filter>源文件\【 信息模块 InformationModule】\链接文件引导器</Filter>
    </CustomBuild>
    <CustomBuild Include="Source\Utils\widgetForm\historicalSearchRecord\p_historicalSearchRecord.h">
      <Filter>源文件\【 工具箱 Utils】\集合组件-表单（widgetForm）\历史搜索记录</Filter>
    </CustomBuild>
    <CustomBuild Include="Source\Utils\widgetForm\historicalSearchRecord\p_historicalSearchRecord.ui">
      <Filter>源文件\【 工具箱 Utils】\集合组件-表单（widgetForm）\历史搜索记录</Filter>
    </CustomBuild>
    <CustomBuild Include="Source\InformationModule\otherFunctionPart\p_OtherFunctionPart.h">
      <Filter>源文件\【 信息模块 InformationModule】\其它功能块</Filter>
    </CustomBuild>
    <CustomBuild Include="Source\InformationModule\otherFunctionPart\p_OtherFunctionPart.ui">
      <Filter>源文件\【 信息模块 InformationModule】\其它功能块</Filter>
    </CustomBuild>
    <CustomBuild Include="Source\InformationModule\commandSearcherPart\helpDetailPart\p_ScriptHelp_CommandSearchCell.h">
      <Filter>源文件\【 信息模块 InformationModule】\指令搜索器块\指令（控件 - 搜索信息）</Filter>
    </CustomBuild>
    <CustomBuild Include="Source\InformationModule\commandSearcherPart\helpDetailPart\p_ScriptHelp_CommandSearchCell.ui">
      <Filter>源文件\【 信息模块 InformationModule】\指令搜索器块\指令（控件 - 搜索信息）</Filter>
    </CustomBuild>
    <CustomBuild Include="Source\InformationModule\pluginListPart\buttonPart\w_PluginAttr_Docs.ui">
      <Filter>源文件\【 信息模块 InformationModule】\插件列表块\属性按钮组\属性 - 插件文档</Filter>
    </CustomBuild>
    <CustomBuild Include="Source\InformationModule\pluginListPart\buttonPart\w_PluginAttr_Docs.h">
      <Filter>源文件\【 信息模块 InformationModule】\插件列表块\属性按钮组\属性 - 插件文档</Filter>
    </CustomBuild>
    <CustomBuild Include="Source\InformationModule\pluginListPart\buttonPart\w_PluginAttr_Src.h">
      <Filter>源文件\【 信息模块 InformationModule】\插件列表块\属性按钮组\属性 - 资源路径</Filter>
    </CustomBuild>
    <CustomBuild Include="Source\InformationModule\pluginListPart\buttonPart\w_PluginAttr_Src.ui">
      <Filter>源文件\【 信息模块 InformationModule】\插件列表块\属性按钮组\属性 - 资源路径</Filter>
    </CustomBuild>
    <CustomBuild Include="Source\InformationModule\pluginListPart\buttonPart\w_PluginAttr_HasTool.h">
      <Filter>源文件\【 信息模块 InformationModule】\插件列表块\属性按钮组\属性 - 小工具支持</Filter>
    </CustomBuild>
    <CustomBuild Include="Source\InformationModule\pluginListPart\buttonPart\w_PluginAttr_HasTool.ui">
      <Filter>源文件\【 信息模块 InformationModule】\插件列表块\属性按钮组\属性 - 小工具支持</Filter>
    </CustomBuild>
    <CustomBuild Include="Source\InformationModule\pluginListPart\buttonPart\w_PluginAttr_ForeignKey.h">
      <Filter>源文件\【 信息模块 InformationModule】\插件列表块\属性按钮组\属性 - 外键</Filter>
    </CustomBuild>
    <CustomBuild Include="Source\InformationModule\pluginListPart\buttonPart\w_PluginAttr_ForeignKey.ui">
      <Filter>源文件\【 信息模块 InformationModule】\插件列表块\属性按钮组\属性 - 外键</Filter>
    </CustomBuild>
    <CustomBuild Include="Source\InformationModule\pluginListPart\buttonPart\w_PluginAttr_HighConsumption.h">
      <Filter>源文件\【 信息模块 InformationModule】\插件列表块\属性按钮组\属性 - 高消耗</Filter>
    </CustomBuild>
    <CustomBuild Include="Source\InformationModule\pluginListPart\buttonPart\w_PluginAttr_HighConsumption.ui">
      <Filter>源文件\【 信息模块 InformationModule】\插件列表块\属性按钮组\属性 - 高消耗</Filter>
    </CustomBuild>
    <CustomBuild Include="Source\InformationModule\pluginDetailPart\helpDetailPart\p_ScriptHelp_Knowledge.h">
      <Filter>源文件\【 信息模块 InformationModule】\插件详细信息块\知识点（控件）</Filter>
    </CustomBuild>
    <CustomBuild Include="Source\InformationModule\pluginDetailPart\helpDetailPart\p_ScriptHelp_Knowledge.ui">
      <Filter>源文件\【 信息模块 InformationModule】\插件详细信息块\知识点（控件）</Filter>
    </CustomBuild>
    <CustomBuild Include="Source\InformationModule\otherFunctionPart\designTipGenerator\p_DesignTipGeneratorPart.h">
      <Filter>源文件\【 信息模块 InformationModule】\其它功能块\设计灵感生成器</Filter>
    </CustomBuild>
    <CustomBuild Include="Source\InformationModule\otherFunctionPart\designTipGenerator\p_DesignTipGeneratorPart.ui">
      <Filter>源文件\【 信息模块 InformationModule】\其它功能块\设计灵感生成器</Filter>
    </CustomBuild>
    <CustomBuild Include="Source\InformationModule\otherFunctionPart\designTipGenerator\private\p_DesignTip_Cell.h">
      <Filter>源文件\【 信息模块 InformationModule】\其它功能块\设计灵感生成器\私有类</Filter>
    </CustomBuild>
    <CustomBuild Include="Source\InformationModule\otherFunctionPart\designTipGenerator\private\p_DesignTip_Cell.ui">
      <Filter>源文件\【 信息模块 InformationModule】\其它功能块\设计灵感生成器\私有类</Filter>
    </CustomBuild>
    <CustomBuild Include="Source\InformationModule\otherFunctionPart\pluginBatchDelete\p_PluginBatchDeletePart.h">
      <Filter>源文件\【 信息模块 InformationModule】\其它功能块\插件清理器</Filter>
    </CustomBuild>
    <CustomBuild Include="Source\InformationModule\otherFunctionPart\pluginBatchDelete\p_PluginBatchDeletePart.ui">
      <Filter>源文件\【 信息模块 InformationModule】\其它功能块\插件清理器</Filter>
    </CustomBuild>
    <CustomBuild Include="Source\InformationModule\otherFunctionPart\pluginBatchDelete\w_PluginBatchDeletePart.h">
      <Filter>源文件\【 信息模块 InformationModule】\其它功能块\插件清理器</Filter>
    </CustomBuild>
    <CustomBuild Include="Source\InformationModule\otherFunctionPart\pluginBatchDelete\w_PluginBatchDeletePart.ui">
      <Filter>源文件\【 信息模块 InformationModule】\其它功能块\插件清理器</Filter>
    </CustomBuild>
    <CustomBuild Include="Source\InformationModule\otherFunctionPart\pluginBatchUpdate\p_PluginBatchUpdatePart.h">
      <Filter>源文件\【 信息模块 InformationModule】\其它功能块\插件更新器</Filter>
    </CustomBuild>
    <CustomBuild Include="Source\InformationModule\otherFunctionPart\pluginBatchUpdate\p_PluginBatchUpdatePart.ui">
      <Filter>源文件\【 信息模块 InformationModule】\其它功能块\插件更新器</Filter>
    </CustomBuild>
    <CustomBuild Include="Source\InformationModule\otherFunctionPart\pluginBatchUpdate\w_PluginBatchUpdatePart.h">
      <Filter>源文件\【 信息模块 InformationModule】\其它功能块\插件更新器</Filter>
    </CustomBuild>
    <CustomBuild Include="Source\InformationModule\otherFunctionPart\pluginBatchUpdate\w_PluginBatchUpdatePart.ui">
      <Filter>源文件\【 信息模块 InformationModule】\其它功能块\插件更新器</Filter>
    </CustomBuild>
    <CustomBuild Include="Source\Utils\common\p_FileOperater.h">
      <Filter>源文件\【 工具箱 Utils】\通用工具（common）</Filter>
    </CustomBuild>
    <CustomBuild Include="Source\MainModule\versionLog\w_SoftwareVersionLog.h">
      <Filter>源文件\【 主窗体 MainModule】\版本日志</Filter>
    </CustomBuild>
    <CustomBuild Include="Source\MainModule\versionLog\w_SoftwareVersionLog.ui">
      <Filter>源文件\【 主窗体 MainModule】\版本日志</Filter>
    </CustomBuild>
    <CustomBuild Include="Source\InformationModule\pluginDetailPart\orgContextPart\p_PluginDetailOrgContextPart.h">
      <Filter>源文件\【 信息模块 InformationModule】\插件详细信息块\原文展开块</Filter>
    </CustomBuild>
    <CustomBuild Include="Source\InformationModule\pluginDetailPart\orgContextPart\p_PluginDetailOrgContextPart.ui">
      <Filter>源文件\【 信息模块 InformationModule】\插件详细信息块\原文展开块</Filter>
    </CustomBuild>
    <CustomBuild Include="Source\Utils\operater\excelOperater\p_ExcelOperater.h">
      <Filter>源文件\【 工具箱 Utils】\辅助操作工具（operater）\Excel操作器</Filter>
    </CustomBuild>
    <CustomBuild Include="Source\InformationModule\otherFunctionPart\excelDataGenerator\p_ExcelDataGenerator.h">
      <Filter>源文件\【 信息模块 InformationModule】\其它功能块\Excel表格生成器</Filter>
    </CustomBuild>
  </ItemGroup>
  <ItemGroup>
    <ResourceCompile Include="DrillPluginInformationReader.rc" />
  </ItemGroup>
  <ItemGroup>
    <ClInclude Include="GeneratedFiles\ui_drillplugininformationreader.h">
      <Filter>Generated Files</Filter>
    </ClInclude>
    <ClInclude Include="Source\MainModule\stdafx.h">
      <Filter>源文件\【 主窗体 MainModule】</Filter>
    </ClInclude>
    <ClInclude Include="Source\Utils\common\TTool.h">
      <Filter>源文件\【 工具箱 Utils】\通用工具（common）</Filter>
    </ClInclude>
    <ClInclude Include="Source\Utils\manager\txtRead\p_TxtFastReader.h">
      <Filter>源文件\【 工具箱 Utils】\管理器工具（manager）\文本读取器</Filter>
    </ClInclude>
    <ClInclude Include="Source\Utils\manager\txtRead\p_TxtFastReaderWithRecord.h">
      <Filter>源文件\【 工具箱 Utils】\管理器工具（manager）\文本读取器</Filter>
    </ClInclude>
    <ClInclude Include="Source\PluginModule\scriptReader\c_ScriptAnnotation.h">
      <Filter>源文件\【 插件模块 PluginModule】\插件注解读取器  [plugins文件夹，只读]</Filter>
    </ClInclude>
    <ClInclude Include="Source\PluginModule\storageData\c_PluginData.h">
      <Filter>源文件\【 插件模块 PluginModule】\插件存储数据容器  [plugins.js，读写]</Filter>
    </ClInclude>
    <ClInclude Include="GeneratedFiles\ui_w_SoftwareAbout.h">
      <Filter>Generated Files</Filter>
    </ClInclude>
    <ClInclude Include="GeneratedFiles\ui_w_SoftwareFirstTip.h">
      <Filter>Generated Files</Filter>
    </ClInclude>
    <ClInclude Include="GeneratedFiles\ui_p_InformationPart.h">
      <Filter>Generated Files</Filter>
    </ClInclude>
    <ClInclude Include="GeneratedFiles\ui_p_PluginListPart.h">
      <Filter>Generated Files</Filter>
    </ClInclude>
    <ClInclude Include="GeneratedFiles\ui_p_PluginDetailPart.h">
      <Filter>Generated Files</Filter>
    </ClInclude>
    <ClInclude Include="GeneratedFiles\ui_p_CommandSearcherPart.h">
      <Filter>Generated Files</Filter>
    </ClInclude>
    <ClInclude Include="Source\Utils\widgetForm\foldableTabWindow\private\c_FoldableTabPrivate.h">
      <Filter>源文件\【 工具箱 Utils】\集合组件-表单（widgetForm）\可折叠选项卡\私有类</Filter>
    </ClInclude>
    <ClInclude Include="GeneratedFiles\ui_w_FoldableTabChildWindow.h">
      <Filter>Generated Files</Filter>
    </ClInclude>
    <ClInclude Include="Source\RmmvInteractiveModule\base\c_RmmvProjectData.h">
      <Filter>源文件\【 交互模块 RmmvInteractiveModule】\基本交互</Filter>
    </ClInclude>
    <ClInclude Include="Source\ProjectModule\storage\s_StorageManagerTemplate.h">
      <Filter>源文件\【 项目管理模块 ProjectModule】\存储文件</Filter>
    </ClInclude>
    <ClInclude Include="Source\PluginModule\scriptReader\scriptDictionary\c_ScriptDictionary.h">
      <Filter>源文件\【 插件模块 PluginModule】\插件注解读取器  [plugins文件夹，只读]\注解字典（%40param）</Filter>
    </ClInclude>
    <ClInclude Include="Source\PluginModule\scriptReader\scriptDictionary\c_ScriptDictionary_Param.h">
      <Filter>源文件\【 插件模块 PluginModule】\插件注解读取器  [plugins文件夹，只读]\注解字典（%40param）</Filter>
    </ClInclude>
    <ClInclude Include="Source\PluginModule\scriptReader\helpDetail\c_ScriptHelpDetail.h">
      <Filter>源文件\【 插件模块 PluginModule】\插件注解读取器  [plugins文件夹，只读]\帮助数据（%40help）</Filter>
    </ClInclude>
    <ClInclude Include="GeneratedFiles\ui_p_PluginAttr_ButtonPart.h">
      <Filter>Generated Files</Filter>
    </ClInclude>
    <ClInclude Include="GeneratedFiles\ui_p_PageNavigator.h">
      <Filter>Generated Files</Filter>
    </ClInclude>
    <ClInclude Include="Source\PluginModule\scriptReader\helpDetail\c_ScriptHelp_EffectScope.h">
      <Filter>源文件\【 插件模块 PluginModule】\插件注解读取器  [plugins文件夹，只读]\帮助数据（%40help）\作用域（数据）</Filter>
    </ClInclude>
    <ClInclude Include="Source\PluginModule\scriptReader\helpDetail\c_ScriptHelp_PluginRelation.h">
      <Filter>源文件\【 插件模块 PluginModule】\插件注解读取器  [plugins文件夹，只读]\帮助数据（%40help）\插件扩展（数据）</Filter>
    </ClInclude>
    <ClInclude Include="Source\PluginModule\scriptReader\helpDetail\c_ScriptHelp_Command.h">
      <Filter>源文件\【 插件模块 PluginModule】\插件注解读取器  [plugins文件夹，只读]\帮助数据（%40help）\指令（数据）</Filter>
    </ClInclude>
    <ClInclude Include="Source\PluginModule\scriptReader\helpDetail\c_ScriptHelp_Docs.h">
      <Filter>源文件\【 插件模块 PluginModule】\插件注解读取器  [plugins文件夹，只读]\帮助数据（%40help）\插件文档（数据）</Filter>
    </ClInclude>
    <ClInclude Include="Source\PluginModule\scriptReader\helpDetail\c_ScriptHelp_Performance.h">
      <Filter>源文件\【 插件模块 PluginModule】\插件注解读取器  [plugins文件夹，只读]\帮助数据（%40help）\插件性能（数据）</Filter>
    </ClInclude>
    <ClInclude Include="Source\PluginModule\scriptReader\helpDetail\c_ScriptHelp_Subsection.h">
      <Filter>源文件\【 插件模块 PluginModule】\插件注解读取器  [plugins文件夹，只读]\帮助数据（%40help）\分段说明（数据）</Filter>
    </ClInclude>
    <ClInclude Include="Source\PluginModule\scriptReader\helpDetail\c_ScriptHelp_Src.h">
      <Filter>源文件\【 插件模块 PluginModule】\插件注解读取器  [plugins文件夹，只读]\帮助数据（%40help）\资源路径（数据）</Filter>
    </ClInclude>
    <ClInclude Include="GeneratedFiles\ui_p_ScriptHelp_Command.h">
      <Filter>Generated Files</Filter>
    </ClInclude>
    <ClInclude Include="GeneratedFiles\ui_p_ScriptHelp_Docs.h">
      <Filter>Generated Files</Filter>
    </ClInclude>
    <ClInclude Include="GeneratedFiles\ui_p_ScriptHelp_EffectScope.h">
      <Filter>Generated Files</Filter>
    </ClInclude>
    <ClInclude Include="GeneratedFiles\ui_p_ScriptHelp_Performance.h">
      <Filter>Generated Files</Filter>
    </ClInclude>
    <ClInclude Include="GeneratedFiles\ui_p_ScriptHelp_PluginRelation.h">
      <Filter>Generated Files</Filter>
    </ClInclude>
    <ClInclude Include="GeneratedFiles\ui_p_ScriptHelp_Src.h">
      <Filter>Generated Files</Filter>
    </ClInclude>
    <ClInclude Include="GeneratedFiles\ui_p_ScriptHelp_Subsection.h">
      <Filter>Generated Files</Filter>
    </ClInclude>
    <ClInclude Include="GeneratedFiles\ui_p_historicalSearchRecord.h">
      <Filter>Generated Files</Filter>
    </ClInclude>
    <ClInclude Include="GeneratedFiles\ui_p_OtherFunctionPart.h">
      <Filter>Generated Files</Filter>
    </ClInclude>
    <ClInclude Include="GeneratedFiles\ui_p_ScriptHelp_CommandSearchCell.h">
      <Filter>Generated Files</Filter>
    </ClInclude>
    <ClInclude Include="GeneratedFiles\ui_w_PluginAttr_Docs.h">
      <Filter>Generated Files</Filter>
    </ClInclude>
    <ClInclude Include="GeneratedFiles\ui_w_PluginAttr_Src.h">
      <Filter>Generated Files</Filter>
    </ClInclude>
    <ClInclude Include="GeneratedFiles\ui_w_PluginAttr_ForeignKey.h">
      <Filter>Generated Files</Filter>
    </ClInclude>
    <ClInclude Include="GeneratedFiles\ui_w_PluginAttr_HasTool.h">
      <Filter>Generated Files</Filter>
    </ClInclude>
    <ClInclude Include="GeneratedFiles\ui_w_PluginAttr_HighConsumption.h">
      <Filter>Generated Files</Filter>
    </ClInclude>
    <ClInclude Include="Source\PluginModule\scriptReader\helpDetail\c_ScriptHelp_Knowledge.h">
      <Filter>源文件\【 插件模块 PluginModule】\插件注解读取器  [plugins文件夹，只读]\帮助数据（%40help）\知识点（数据）</Filter>
    </ClInclude>
    <ClInclude Include="GeneratedFiles\ui_p_ScriptHelp_Knowledge.h">
      <Filter>Generated Files</Filter>
    </ClInclude>
    <ClInclude Include="Source\InformationModule\otherFunctionPart\designTipGenerator\c_DesignTipGenerator.h">
      <Filter>源文件\【 信息模块 InformationModule】\其它功能块\设计灵感生成器</Filter>
    </ClInclude>
    <ClInclude Include="GeneratedFiles\ui_p_DesignTipGeneratorPart.h">
      <Filter>Generated Files</Filter>
    </ClInclude>
    <ClInclude Include="Source\InformationModule\otherFunctionPart\designTipGenerator\private\c_DesignTip_Cell.h">
      <Filter>源文件\【 信息模块 InformationModule】\其它功能块\设计灵感生成器\私有类</Filter>
    </ClInclude>
    <ClInclude Include="GeneratedFiles\ui_p_DesignTip_Cell.h">
      <Filter>Generated Files</Filter>
    </ClInclude>
    <ClInclude Include="GeneratedFiles\ui_p_PluginBatchDeletePart.h">
      <Filter>Generated Files</Filter>
    </ClInclude>
    <ClInclude Include="GeneratedFiles\ui_w_PluginBatchDeletePart.h">
      <Filter>Generated Files</Filter>
    </ClInclude>
    <ClInclude Include="Source\Utils\operater\recycleBinOperater\p_RecycleBinOperater.h">
      <Filter>源文件\【 工具箱 Utils】\辅助操作工具（operater）\回收站操作器</Filter>
    </ClInclude>
    <ClInclude Include="GeneratedFiles\ui_p_PluginBatchUpdatePart.h">
      <Filter>Generated Files</Filter>
    </ClInclude>
    <ClInclude Include="GeneratedFiles\ui_w_PluginBatchUpdatePart.h">
      <Filter>Generated Files</Filter>
    </ClInclude>
    <ClInclude Include="GeneratedFiles\ui_w_SoftwareVersionLog.h">
      <Filter>Generated Files</Filter>
    </ClInclude>
    <ClInclude Include="GeneratedFiles\ui_p_PluginDetailOrgContextPart.h">
      <Filter>Generated Files</Filter>
    </ClInclude>
    <ClInclude Include="Source\PluginModule\const\s_PluginConstValue.h">
      <Filter>源文件\【 插件模块 PluginModule】\插件常量</Filter>
    </ClInclude>
  </ItemGroup>
  <ItemGroup>
    <None Include="Source\PluginModule\scriptReader\注释参数集合.docx">
      <Filter>源文件\【 插件模块 PluginModule】\插件注解读取器  [plugins文件夹，只读]</Filter>
    </None>
    <None Include="Source\PluginModule\scriptReader\helpDetail\帮助数据规则.docx">
      <Filter>源文件\【 插件模块 PluginModule】\插件注解读取器  [plugins文件夹，只读]\帮助数据（%40help）</Filter>
    </None>
  </ItemGroup>
  <ItemGroup>
    <Text Include="Source\Utils\widgetForm\foldableTabWindow\程序入口.txt">
      <Filter>源文件\【 工具箱 Utils】\集合组件-表单（widgetForm）\可折叠选项卡</Filter>
    </Text>
    <Text Include="Source\RmmvInteractiveModule\base\程序入口.txt">
      <Filter>源文件\【 交互模块 RmmvInteractiveModule】\基本交互</Filter>
    </Text>
    <Text Include="Source\日志.txt">
      <Filter>源文件\【 主窗体 MainModule】</Filter>
    </Text>
    <Text Include="Source\PluginModule\【插件模块 PluginModule】说明.txt">
      <Filter>源文件\【 插件模块 PluginModule】</Filter>
    </Text>
  </ItemGroup>
</Project>